// !$*UTF8*$!
{
	archiveVersion = 1;
	classes = {
	};
	objectVersion = 46;
	objects = {

/* Begin PBXBuildFile section */
		499D301D1CF7439900448BB2 /* main.m in Sources */ = {isa = PBXBuildFile; fileRef = 499D301C1CF7439900448BB2 /* main.m */; };
		499D30201CF7439900448BB2 /* AppDelegate.m in Sources */ = {isa = PBXBuildFile; fileRef = 499D301F1CF7439900448BB2 /* AppDelegate.m */; };
		499D30231CF7439900448BB2 /* ViewController.m in Sources */ = {isa = PBXBuildFile; fileRef = 499D30221CF7439900448BB2 /* ViewController.m */; };
		499D30261CF7439900448BB2 /* Main.storyboard in Resources */ = {isa = PBXBuildFile; fileRef = 499D30241CF7439900448BB2 /* Main.storyboard */; };
		499D30291CF7439900448BB2 /* OCScrollTabBarTrasition.xcdatamodeld in Sources */ = {isa = PBXBuildFile; fileRef = 499D30271CF7439900448BB2 /* OCScrollTabBarTrasition.xcdatamodeld */; };
		499D302B1CF7439900448BB2 /* Assets.xcassets in Resources */ = {isa = PBXBuildFile; fileRef = 499D302A1CF7439900448BB2 /* Assets.xcassets */; };
		499D302E1CF7439900448BB2 /* LaunchScreen.storyboard in Resources */ = {isa = PBXBuildFile; fileRef = 499D302C1CF7439900448BB2 /* LaunchScreen.storyboard */; };
/* End PBXBuildFile section */

/* Begin PBXFileReference section */
		499D30181CF7439900448BB2 /* OCScrollTabBarTrasition.app */ = {isa = PBXFileReference; explicitFileType = wrapper.application; includeInIndex = 0; path = OCScrollTabBarTrasition.app; sourceTree = BUILT_PRODUCTS_DIR; };
		499D301C1CF7439900448BB2 /* main.m */ = {isa = PBXFileReference; lastKnownFileType = sourcecode.c.objc; path = main.m; sourceTree = "<group>"; };
		499D301E1CF7439900448BB2 /* AppDelegate.h */ = {isa = PBXFileReference; lastKnownFileType = sourcecode.c.h; path = AppDelegate.h; sourceTree = "<group>"; };
		499D301F1CF7439900448BB2 /* AppDelegate.m */ = {isa = PBXFileReference; lastKnownFileType = sourcecode.c.objc; path = AppDelegate.m; sourceTree = "<group>"; };
		499D30211CF7439900448BB2 /* ViewController.h */ = {isa = PBXFileReference; lastKnownFileType = sourcecode.c.h; path = ViewController.h; sourceTree = "<group>"; };
		499D30221CF7439900448BB2 /* ViewController.m */ = {isa = PBXFileReference; lastKnownFileType = sourcecode.c.objc; path = ViewController.m; sourceTree = "<group>"; };
		499D30251CF7439900448BB2 /* Base */ = {isa = PBXFileReference; lastKnownFileType = file.storyboard; name = Base; path = Base.lproj/Main.storyboard; sourceTree = "<group>"; };
		499D30281CF7439900448BB2 /* OCScrollTabBarTrasition.xcdatamodel */ = {isa = PBXFileReference; lastKnownFileType = wrapper.xcdatamodel; path = OCScrollTabBarTrasition.xcdatamodel; sourceTree = "<group>"; };
		499D302A1CF7439900448BB2 /* Assets.xcassets */ = {isa = PBXFileReference; lastKnownFileType = folder.assetcatalog; path = Assets.xcassets; sourceTree = "<group>"; };
		499D302D1CF7439900448BB2 /* Base */ = {isa = PBXFileReference; lastKnownFileType = file.storyboard; name = Base; path = Base.lproj/LaunchScreen.storyboard; sourceTree = "<group>"; };
		499D302F1CF7439900448BB2 /* Info.plist */ = {isa = PBXFileReference; lastKnownFileType = text.plist.xml; path = Info.plist; sourceTree = "<group>"; };
/* End PBXFileReference section */

/* Begin PBXFrameworksBuildPhase section */
		499D30151CF7439900448BB2 /* Frameworks */ = {
			isa = PBXFrameworksBuildPhase;
			buildActionMask = 2147483647;
			files = (
			);
			runOnlyForDeploymentPostprocessing = 0;
		};
/* End PBXFrameworksBuildPhase section */

/* Begin PBXGroup section */
		499D300F1CF7439900448BB2 = {
			isa = PBXGroup;
			children = (
				499D301A1CF7439900448BB2 /* OCScrollTabBarTrasition */,
				499D30191CF7439900448BB2 /* Products */,
			);
			sourceTree = "<group>";
		};
		499D30191CF7439900448BB2 /* Products */ = {
			isa = PBXGroup;
			children = (
				499D30181CF7439900448BB2 /* OCScrollTabBarTrasition.app */,
			);
			name = Products;
			sourceTree = "<group>";
		};
		499D301A1CF7439900448BB2 /* OCScrollTabBarTrasition */ = {
			isa = PBXGroup;
			children = (
				499D301E1CF7439900448BB2 /* AppDelegate.h */,
				499D301F1CF7439900448BB2 /* AppDelegate.m */,
				499D30211CF7439900448BB2 /* ViewController.h */,
				499D30221CF7439900448BB2 /* ViewController.m */,
				499D30241CF7439900448BB2 /* Main.storyboard */,
				499D302A1CF7439900448BB2 /* Assets.xcassets */,
				499D302C1CF7439900448BB2 /* LaunchScreen.storyboard */,
				499D302F1CF7439900448BB2 /* Info.plist */,
				499D30271CF7439900448BB2 /* OCScrollTabBarTrasition.xcdatamodeld */,
				499D301B1CF7439900448BB2 /* Supporting Files */,
			);
			path = OCScrollTabBarTrasition;
			sourceTree = "<group>";
		};
		499D301B1CF7439900448BB2 /* Supporting Files */ = {
			isa = PBXGroup;
			children = (
				499D301C1CF7439900448BB2 /* main.m */,
			);
			name = "Supporting Files";
			sourceTree = "<group>";
		};
/* End PBXGroup section */

/* Begin PBXNativeTarget section */
		499D30171CF7439900448BB2 /* OCScrollTabBarTrasition */ = {
			isa = PBXNativeTarget;
			buildConfigurationList = 499D30321CF7439900448BB2 /* Build configuration list for PBXNativeTarget "OCScrollTabBarTrasition" */;
			buildPhases = (
				499D30141CF7439900448BB2 /* Sources */,
				499D30151CF7439900448BB2 /* Frameworks */,
				499D30161CF7439900448BB2 /* Resources */,
			);
			buildRules = (
			);
			dependencies = (
			);
			name = OCScrollTabBarTrasition;
			productName = OCScrollTabBarTrasition;
			productReference = 499D30181CF7439900448BB2 /* OCScrollTabBarTrasition.app */;
			productType = "com.apple.product-type.application";
		};
/* End PBXNativeTarget section */

/* Begin PBXProject section */
		499D30101CF7439900448BB2 /* Project object */ = {
			isa = PBXProject;
			attributes = {
				LastUpgradeCheck = 0730;
				ORGANIZATIONNAME = Andrew;
				TargetAttributes = {
					499D30171CF7439900448BB2 = {
						CreatedOnToolsVersion = 7.3;
					};
				};
			};
			buildConfigurationList = 499D30131CF7439900448BB2 /* Build configuration list for PBXProject "OCScrollTabBarTrasition" */;
			compatibilityVersion = "Xcode 3.2";
			developmentRegion = English;
			hasScannedForEncodings = 0;
			knownRegions = (
				en,
				Base,
			);
			mainGroup = 499D300F1CF7439900448BB2;
			productRefGroup = 499D30191CF7439900448BB2 /* Products */;
			projectDirPath = "";
			projectRoot = "";
			targets = (
				499D30171CF7439900448BB2 /* OCScrollTabBarTrasition */,
			);
		};
/* End PBXProject section */

/* Begin PBXResourcesBuildPhase section */
		499D30161CF7439900448BB2 /* Resources */ = {
			isa = PBXResourcesBuildPhase;
			buildActionMask = 2147483647;
			files = (
				499D302E1CF7439900448BB2 /* LaunchScreen.storyboard in Resources */,
				499D302B1CF7439900448BB2 /* Assets.xcassets in Resources */,
				499D30261CF7439900448BB2 /* Main.storyboard in Resources */,
			);
			runOnlyForDeploymentPostprocessing = 0;
		};
/* End PBXResourcesBuildPhase section */

/* Begin PBXSourcesBuildPhase section */
		499D30141CF7439900448BB2 /* Sources */ = {
			isa = PBXSourcesBuildPhase;
			buildActionMask = 2147483647;
			files = (
				499D30231CF7439900448BB2 /* ViewController.m in Sources */,
				499D30201CF7439900448BB2 /* AppDelegate.m in Sources */,
				499D30291CF7439900448BB2 /* OCScrollTabBarTrasition.xcdatamodeld in Sources */,
				499D301D1CF7439900448BB2 /* main.m in Sources */,
			);
			runOnlyForDeploymentPostprocessing = 0;
		};
/* End PBXSourcesBuildPhase section */

/* Begin PBXVariantGroup section */
		499D30241CF7439900448BB2 /* Main.storyboard */ = {
			isa = PBXVariantGroup;
			children = (
				499D30251CF7439900448BB2 /* Base */,
			);
			name = Main.storyboard;
			sourceTree = "<group>";
		};
		499D302C1CF7439900448BB2 /* LaunchScreen.storyboard */ = {
			isa = PBXVariantGroup;
			children = (
				499D302D1CF7439900448BB2 /* Base */,
			);
			name = LaunchScreen.storyboard;
			sourceTree = "<group>";
		};
/* End PBXVariantGroup section */

/* Begin XCBuildConfiguration section */
		499D30301CF7439900448BB2 /* Debug */ = {
			isa = XCBuildConfiguration;
			buildSettings = {
				ALWAYS_SEARCH_USER_PATHS = NO;
				CLANG_ANALYZER_NONNULL = YES;
				CLANG_CXX_LANGUAGE_STANDARD = "gnu++0x";
				CLANG_CXX_LIBRARY = "libc++";
				CLANG_ENABLE_MODULES = YES;
				CLANG_ENABLE_OBJC_ARC = YES;
				CLANG_WARN_BOOL_CONVERSION = YES;
				CLANG_WARN_CONSTANT_CONVERSION = YES;
				CLANG_WARN_DIRECT_OBJC_ISA_USAGE = YES_ERROR;
				CLANG_WARN_EMPTY_BODY = YES;
				CLANG_WARN_ENUM_CONVERSION = YES;
				CLANG_WARN_INT_CONVERSION = YES;
				CLANG_WARN_OBJC_ROOT_CLASS = YES_ERROR;
				CLANG_WARN_UNREACHABLE_CODE = YES;
				CLANG_WARN__DUPLICATE_METHOD_MATCH = YES;
				"CODE_SIGN_IDENTITY[sdk=iphoneos*]" = "iPhone Developer";
				COPY_PHASE_STRIP = NO;
				DEBUG_INFORMATION_FORMAT = dwarf;
				ENABLE_STRICT_OBJC_MSGSEND = YES;
				ENABLE_TESTABILITY = YES;
				GCC_C_LANGUAGE_STANDARD = gnu99;
				GCC_DYNAMIC_NO_PIC = NO;
				GCC_NO_COMMON_BLOCKS = YES;
				GCC_OPTIMIZATION_LEVEL = 0;
				GCC_PREPROCESSOR_DEFINITIONS = (
					"DEBUG=1",
					"$(inherited)",
				);
				GCC_WARN_64_TO_32_BIT_CONVERSION = YES;
				GCC_WARN_ABOUT_RETURN_TYPE = YES_ERROR;
				GCC_WARN_UNDECLARED_SELECTOR = YES;
				GCC_WARN_UNINITIALIZED_AUTOS = YES_AGGRESSIVE;
				GCC_WARN_UNUSED_FUNCTION = YES;
				GCC_WARN_UNUSED_VARIABLE = YES;
				IPHONEOS_DEPLOYMENT_TARGET = 9.3;
				MTL_ENABLE_DEBUG_INFO = YES;
				ONLY_ACTIVE_ARCH = YES;
				SDKROOT = iphoneos;
				TARGETED_DEVICE_FAMILY = "1,2";
			};
			name = Debug;
		};
		499D30311CF7439900448BB2 /* Release */ = {
			isa = XCBuildConfiguration;
			buildSettings = {
				ALWAYS_SEARCH_USER_PATHS = NO;
				CLANG_ANALYZER_NONNULL = YES;
				CLANG_CXX_LANGUAGE_STANDARD = "gnu++0x";
				CLANG_CXX_LIBRARY = "libc++";
				CLANG_ENABLE_MODULES = YES;
				CLANG_ENABLE_OBJC_ARC = YES;
				CLANG_WARN_BOOL_CONVERSION = YES;
				CLANG_WARN_CONSTANT_CONVERSION = YES;
				CLANG_WARN_DIRECT_OBJC_ISA_USAGE = YES_ERROR;
				CLANG_WARN_EMPTY_BODY = YES;
				CLANG_WARN_ENUM_CONVERSION = YES;
				CLANG_WARN_INT_CONVERSION = YES;
				CLANG_WARN_OBJC_ROOT_CLASS = YES_ERROR;
				CLANG_WARN_UNREACHABLE_CODE = YES;
				CLANG_WARN__DUPLICATE_METHOD_MATCH = YES;
				"CODE_SIGN_IDENTITY[sdk=iphoneos*]" = "iPhone Developer";
				COPY_PHASE_STRIP = NO;
				DEBUG_INFORMATION_FORMAT = "dwarf-with-dsym";
				ENABLE_NS_ASSERTIONS = NO;
				ENABLE_STRICT_OBJC_MSGSEND = YES;
				GCC_C_LANGUAGE_STANDARD = gnu99;
				GCC_NO_COMMON_BLOCKS = YES;
				GCC_WARN_64_TO_32_BIT_CONVERSION = YES;
				GCC_WARN_ABOUT_RETURN_TYPE = YES_ERROR;
				GCC_WARN_UNDECLARED_SELECTOR = YES;
				GCC_WARN_UNINITIALIZED_AUTOS = YES_AGGRESSIVE;
				GCC_WARN_UNUSED_FUNCTION = YES;
				GCC_WARN_UNUSED_VARIABLE = YES;
				IPHONEOS_DEPLOYMENT_TARGET = 9.3;
				MTL_ENABLE_DEBUG_INFO = NO;
				SDKROOT = iphoneos;
				TARGETED_DEVICE_FAMILY = "1,2";
				VALIDATE_PRODUCT = YES;
			};
			name = Release;
		};
		499D30331CF7439900448BB2 /* Debug */ = {
			isa = XCBuildConfiguration;
			buildSettings = {
				ASSETCATALOG_COMPILER_APPICON_NAME = AppIcon;
				INFOPLIST_FILE = OCScrollTabBarTrasition/Info.plist;
				LD_RUNPATH_SEARCH_PATHS = "$(inherited) @executable_path/Frameworks";
				PRODUCT_BUNDLE_IDENTIFIER = Andrew.OCScrollTabBarTrasition;
				PRODUCT_NAME = "$(TARGET_NAME)";
			};
			name = Debug;
		};
		499D30341CF7439900448BB2 /* Release */ = {
			isa = XCBuildConfiguration;
			buildSettings = {
				ASSETCATALOG_COMPILER_APPICON_NAME = AppIcon;
				INFOPLIST_FILE = OCScrollTabBarTrasition/Info.plist;
				LD_RUNPATH_SEARCH_PATHS = "$(inherited) @executable_path/Frameworks";
				PRODUCT_BUNDLE_IDENTIFIER = Andrew.OCScrollTabBarTrasition;
				PRODUCT_NAME = "$(TARGET_NAME)";
			};
			name = Release;
		};
/* End XCBuildConfiguration section */

/* Begin XCConfigurationList section */
		499D30131CF7439900448BB2 /* Build configuration list for PBXProject "OCScrollTabBarTrasition" */ = {
			isa = XCConfigurationList;
			buildConfigurations = (
				499D30301CF7439900448BB2 /* Debug */,
				499D30311CF7439900448BB2 /* Release */,
			);
			defaultConfigurationIsVisible = 0;
			defaultConfigurationName = Release;
		};
		499D30321CF7439900448BB2 /* Build configuration list for PBXNativeTarget "OCScrollTabBarTrasition" */ = {
			isa = XCConfigurationList;
			buildConfigurations = (
				499D30331CF7439900448BB2 /* Debug */,
				499D30341CF7439900448BB2 /* Release */,
			);
			defaultConfigurationIsVisible = 0;
		};
/* End XCConfigurationList section */

/* Begin XCVersionGroup section */
		499D30271CF7439900448BB2 /* OCScrollTabBarTrasition.xcdatamodeld */ = {
			isa = XCVersionGroup;
			children = (
				499D30281CF7439900448BB2 /* OCScrollTabBarTrasition.xcdatamodel */,
			);
			currentVersion = 499D30281CF7439900448BB2 /* OCScrollTabBarTrasition.xcdatamodel */;
			path = OCScrollTabBarTrasition.xcdatamodeld;
			sourceTree = "<group>";
			versionGroupType = wrapper.xcdatamodel;
		};
/* End XCVersionGroup section */
	};
	rootObject = 499D30101CF7439900448BB2 /* Project object */;
}
